
Microsoft Visual Studio Solution File, Format Version 12.00
# Visual Studio Version 16
VisualStudioVersion = 16.0.30907.101
MinimumVisualStudioVersion = 10.0.40219.1
Project("{9A19103F-16F7-4668-BE54-9A1E7A4F7556}") = "PinaColada", "src\PinaColada\PinaColada.csproj", "{4DD7A542-7A3F-4BDB-899C-FDFD19993466}"
EndProject
Project("{2150E333-8FDC-42A3-9474-1A3956D46DE8}") = "src", "src", "{078A0E80-90A5-42A8-A069-4CA98A08D263}"
EndProject
Project("{2150E333-8FDC-42A3-9474-1A3956D46DE8}") = "tests", "tests", "{D7A8ECF0-137F-4936-A579-D608385E2A26}"
EndProject
Project("{FAE04EC0-301F-11D3-BF4B-00C04F79EFBC}") = "PinaColada.Tests", "tests\PinaColada.Tests\PinaColada.Tests.csproj", "{4CE314DA-333A-4A0C-81C2-A99394DB0019}"
EndProject
Global
	GlobalSection(SolutionConfigurationPlatforms) = preSolution
		Debug|Any CPU = Debug|Any CPU
		Release|Any CPU = Release|Any CPU
	EndGlobalSection
	GlobalSection(ProjectConfigurationPlatforms) = postSolution
		{4DD7A542-7A3F-4BDB-899C-FDFD19993466}.Debug|Any CPU.ActiveCfg = Debug|Any CPU
		{4DD7A542-7A3F-4BDB-899C-FDFD19993466}.Debug|Any CPU.Build.0 = Debug|Any CPU
		{4DD7A542-7A3F-4BDB-899C-FDFD19993466}.Release|Any CPU.ActiveCfg = Release|Any CPU
		{4DD7A542-7A3F-4BDB-899C-FDFD19993466}.Release|Any CPU.Build.0 = Release|Any CPU
		{4CE314DA-333A-4A0C-81C2-A99394DB0019}.Debug|Any CPU.ActiveCfg = Debug|Any CPU
		{4CE314DA-333A-4A0C-81C2-A99394DB0019}.Debug|Any CPU.Build.0 = Debug|Any CPU
		{4CE314DA-333A-4A0C-81C2-A99394DB0019}.Release|Any CPU.ActiveCfg = Release|Any CPU
		{4CE314DA-333A-4A0C-81C2-A99394DB0019}.Release|Any CPU.Build.0 = Release|Any CPU
	EndGlobalSection
	GlobalSection(SolutionProperties) = preSolution
		HideSolutionNode = FALSE
	EndGlobalSection
	GlobalSection(NestedProjects) = preSolution
		{4DD7A542-7A3F-4BDB-899C-FDFD19993466} = {078A0E80-90A5-42A8-A069-4CA98A08D263}
		{4CE314DA-333A-4A0C-81C2-A99394DB0019} = {D7A8ECF0-137F-4936-A579-D608385E2A26}
	EndGlobalSection
	GlobalSection(ExtensibilityGlobals) = postSolution
		SolutionGuid = {A7C0D23F-D535-4960-95AF-AF51C052AE5B}
	EndGlobalSection
EndGlobal
